
Microsoft Visual Studio Solution File, Format Version 12.00
# Visual Studio 14
VisualStudioVersion = 14.0.25420.1
MinimumVisualStudioVersion = 10.0.40219.1
Project("{FAE04EC0-301F-11D3-BF4B-00C04F79EFBC}") = "MotorenMarquardtTimecontrol", "MotorenMarquardtTimecontrol\MotorenMarquardtTimecontrol.csproj", "{05AA97E8-54BD-44A7-B132-7DFBF110375E}"
EndProject
Project("{54435603-DBB4-11D2-8724-00A0C9A8B90C}") = "Zeiterfassung", "Zeiterfassung\Zeiterfassung.vdproj", "{30FFE254-6B4D-43D6-B10A-A210DF699BB6}"
EndProject
Global
	GlobalSection(SolutionConfigurationPlatforms) = preSolution
		Debug|Any CPU = Debug|Any CPU
		Release|Any CPU = Release|Any CPU
	EndGlobalSection
	GlobalSection(ProjectConfigurationPlatforms) = postSolution
		{05AA97E8-54BD-44A7-B132-7DFBF110375E}.Debug|Any CPU.ActiveCfg = Debug|Any CPU
		{05AA97E8-54BD-44A7-B132-7DFBF110375E}.Debug|Any CPU.Build.0 = Debug|Any CPU
		{05AA97E8-54BD-44A7-B132-7DFBF110375E}.Release|Any CPU.ActiveCfg = Release|Any CPU
		{05AA97E8-54BD-44A7-B132-7DFBF110375E}.Release|Any CPU.Build.0 = Release|Any CPU
		{30FFE254-6B4D-43D6-B10A-A210DF699BB6}.Debug|Any CPU.ActiveCfg = Debug
		{30FFE254-6B4D-43D6-B10A-A210DF699BB6}.Release|Any CPU.ActiveCfg = Release
	EndGlobalSection
	GlobalSection(SolutionProperties) = preSolution
		HideSolutionNode = FALSE
	EndGlobalSection
EndGlobal
